
Microsoft Visual Studio Solution File, Format Version 12.00
# Visual Studio 14
VisualStudioVersion = 14.0.24720.0
MinimumVisualStudioVersion = 10.0.40219.1
Project("{FAE04EC0-301F-11D3-BF4B-00C04F79EFBC}") = "AppGloboXamarin.Droid", "AppGloboXamarin\AppGloboXamarin.Droid\AppGloboXamarin.Droid.csproj", "{75512323-D6C2-4276-B2FF-61311B4FEC50}"
EndProject
Project("{FAE04EC0-301F-11D3-BF4B-00C04F79EFBC}") = "AppGloboXamarin.iOS", "AppGloboXamarin\AppGloboXamarin.iOS\AppGloboXamarin.iOS.csproj", "{D1F734E5-956F-4AB4-B998-E58F06B0EACD}"
EndProject
Project("{FAE04EC0-301F-11D3-BF4B-00C04F79EFBC}") = "AppGloboXamarin", "AppGloboXamarin\AppGloboXamarin\AppGloboXamarin.csproj", "{3CA9EC75-8A4D-46F0-B4A9-F6E28E1C5C7E}"
EndProject
Global
	GlobalSection(SolutionConfigurationPlatforms) = preSolution
		Ad-Hoc|Any CPU = Ad-Hoc|Any CPU
		Ad-Hoc|iPhone = Ad-Hoc|iPhone
		Ad-Hoc|iPhoneSimulator = Ad-Hoc|iPhoneSimulator
		AppStore|Any CPU = AppStore|Any CPU
		AppStore|iPhone = AppStore|iPhone
		AppStore|iPhoneSimulator = AppStore|iPhoneSimulator
		Debug|Any CPU = Debug|Any CPU
		Debug|iPhone = Debug|iPhone
		Debug|iPhoneSimulator = Debug|iPhoneSimulator
		Release|Any CPU = Release|Any CPU
		Release|iPhone = Release|iPhone
		Release|iPhoneSimulator = Release|iPhoneSimulator
	EndGlobalSection
	GlobalSection(ProjectConfigurationPlatforms) = postSolution
		{75512323-D6C2-4276-B2FF-61311B4FEC50}.Ad-Hoc|Any CPU.ActiveCfg = Release|Any CPU
		{75512323-D6C2-4276-B2FF-61311B4FEC50}.Ad-Hoc|Any CPU.Build.0 = Release|Any CPU
		{75512323-D6C2-4276-B2FF-61311B4FEC50}.Ad-Hoc|Any CPU.Deploy.0 = Release|Any CPU
		{75512323-D6C2-4276-B2FF-61311B4FEC50}.Ad-Hoc|iPhone.ActiveCfg = Release|Any CPU
		{75512323-D6C2-4276-B2FF-61311B4FEC50}.Ad-Hoc|iPhone.Build.0 = Release|Any CPU
		{75512323-D6C2-4276-B2FF-61311B4FEC50}.Ad-Hoc|iPhone.Deploy.0 = Release|Any CPU
		{75512323-D6C2-4276-B2FF-61311B4FEC50}.Ad-Hoc|iPhoneSimulator.ActiveCfg = Release|Any CPU
		{75512323-D6C2-4276-B2FF-61311B4FEC50}.Ad-Hoc|iPhoneSimulator.Build.0 = Release|Any CPU
		{75512323-D6C2-4276-B2FF-61311B4FEC50}.Ad-Hoc|iPhoneSimulator.Deploy.0 = Release|Any CPU
		{75512323-D6C2-4276-B2FF-61311B4FEC50}.AppStore|Any CPU.ActiveCfg = Release|Any CPU
		{75512323-D6C2-4276-B2FF-61311B4FEC50}.AppStore|Any CPU.Build.0 = Release|Any CPU
		{75512323-D6C2-4276-B2FF-61311B4FEC50}.AppStore|Any CPU.Deploy.0 = Release|Any CPU
		{75512323-D6C2-4276-B2FF-61311B4FEC50}.AppStore|iPhone.ActiveCfg = Release|Any CPU
		{75512323-D6C2-4276-B2FF-61311B4FEC50}.AppStore|iPhone.Build.0 = Release|Any CPU
		{75512323-D6C2-4276-B2FF-61311B4FEC50}.AppStore|iPhone.Deploy.0 = Release|Any CPU
		{75512323-D6C2-4276-B2FF-61311B4FEC50}.AppStore|iPhoneSimulator.ActiveCfg = Release|Any CPU
		{75512323-D6C2-4276-B2FF-61311B4FEC50}.AppStore|iPhoneSimulator.Build.0 = Release|Any CPU
		{75512323-D6C2-4276-B2FF-61311B4FEC50}.AppStore|iPhoneSimulator.Deploy.0 = Release|Any CPU
		{75512323-D6C2-4276-B2FF-61311B4FEC50}.Debug|Any CPU.ActiveCfg = Debug|Any CPU
		{75512323-D6C2-4276-B2FF-61311B4FEC50}.Debug|Any CPU.Build.0 = Debug|Any CPU
		{75512323-D6C2-4276-B2FF-61311B4FEC50}.Debug|Any CPU.Deploy.0 = Debug|Any CPU
		{75512323-D6C2-4276-B2FF-61311B4FEC50}.Debug|iPhone.ActiveCfg = Debug|Any CPU
		{75512323-D6C2-4276-B2FF-61311B4FEC50}.Debug|iPhone.Build.0 = Debug|Any CPU
		{75512323-D6C2-4276-B2FF-61311B4FEC50}.Debug|iPhone.Deploy.0 = Debug|Any CPU
		{75512323-D6C2-4276-B2FF-61311B4FEC50}.Debug|iPhoneSimulator.ActiveCfg = Debug|Any CPU
		{75512323-D6C2-4276-B2FF-61311B4FEC50}.Debug|iPhoneSimulator.Build.0 = Debug|Any CPU
		{75512323-D6C2-4276-B2FF-61311B4FEC50}.Debug|iPhoneSimulator.Deploy.0 = Debug|Any CPU
		{75512323-D6C2-4276-B2FF-61311B4FEC50}.Release|Any CPU.ActiveCfg = Release|Any CPU
		{75512323-D6C2-4276-B2FF-61311B4FEC50}.Release|Any CPU.Build.0 = Release|Any CPU
		{75512323-D6C2-4276-B2FF-61311B4FEC50}.Release|Any CPU.Deploy.0 = Release|Any CPU
		{75512323-D6C2-4276-B2FF-61311B4FEC50}.Release|iPhone.ActiveCfg = Release|Any CPU
		{75512323-D6C2-4276-B2FF-61311B4FEC50}.Release|iPhone.Build.0 = Release|Any CPU
		{75512323-D6C2-4276-B2FF-61311B4FEC50}.Release|iPhone.Deploy.0 = Release|Any CPU
		{75512323-D6C2-4276-B2FF-61311B4FEC50}.Release|iPhoneSimulator.ActiveCfg = Release|Any CPU
		{75512323-D6C2-4276-B2FF-61311B4FEC50}.Release|iPhoneSimulator.Build.0 = Release|Any CPU
		{75512323-D6C2-4276-B2FF-61311B4FEC50}.Release|iPhoneSimulator.Deploy.0 = Release|Any CPU
		{D1F734E5-956F-4AB4-B998-E58F06B0EACD}.Ad-Hoc|Any CPU.ActiveCfg = Ad-Hoc|iPhone
		{D1F734E5-956F-4AB4-B998-E58F06B0EACD}.Ad-Hoc|iPhone.ActiveCfg = Ad-Hoc|iPhone
		{D1F734E5-956F-4AB4-B998-E58F06B0EACD}.Ad-Hoc|iPhone.Build.0 = Ad-Hoc|iPhone
		{D1F734E5-956F-4AB4-B998-E58F06B0EACD}.Ad-Hoc|iPhoneSimulator.ActiveCfg = Ad-Hoc|iPhoneSimulator
		{D1F734E5-956F-4AB4-B998-E58F06B0EACD}.Ad-Hoc|iPhoneSimulator.Build.0 = Ad-Hoc|iPhoneSimulator
		{D1F734E5-956F-4AB4-B998-E58F06B0EACD}.AppStore|Any CPU.ActiveCfg = AppStore|iPhone
		{D1F734E5-956F-4AB4-B998-E58F06B0EACD}.AppStore|iPhone.ActiveCfg = AppStore|iPhone
		{D1F734E5-956F-4AB4-B998-E58F06B0EACD}.AppStore|iPhone.Build.0 = AppStore|iPhone
		{D1F734E5-956F-4AB4-B998-E58F06B0EACD}.AppStore|iPhoneSimulator.ActiveCfg = AppStore|iPhoneSimulator
		{D1F734E5-956F-4AB4-B998-E58F06B0EACD}.AppStore|iPhoneSimulator.Build.0 = AppStore|iPhoneSimulator
		{D1F734E5-956F-4AB4-B998-E58F06B0EACD}.Debug|Any CPU.ActiveCfg = Debug|iPhone
		{D1F734E5-956F-4AB4-B998-E58F06B0EACD}.Debug|iPhone.ActiveCfg = Debug|iPhone
		{D1F734E5-956F-4AB4-B998-E58F06B0EACD}.Debug|iPhone.Build.0 = Debug|iPhone
		{D1F734E5-956F-4AB4-B998-E58F06B0EACD}.Debug|iPhoneSimulator.ActiveCfg = Debug|iPhoneSimulator
		{D1F734E5-956F-4AB4-B998-E58F06B0EACD}.Debug|iPhoneSimulator.Build.0 = Debug|iPhoneSimulator
		{D1F734E5-956F-4AB4-B998-E58F06B0EACD}.Release|Any CPU.ActiveCfg = Release|iPhone
		{D1F734E5-956F-4AB4-B998-E58F06B0EACD}.Release|iPhone.ActiveCfg = Release|iPhone
		{D1F734E5-956F-4AB4-B998-E58F06B0EACD}.Release|iPhone.Build.0 = Release|iPhone
		{D1F734E5-956F-4AB4-B998-E58F06B0EACD}.Release|iPhoneSimulator.ActiveCfg = Release|iPhoneSimulator
		{D1F734E5-956F-4AB4-B998-E58F06B0EACD}.Release|iPhoneSimulator.Build.0 = Release|iPhoneSimulator
		{3CA9EC75-8A4D-46F0-B4A9-F6E28E1C5C7E}.Ad-Hoc|Any CPU.ActiveCfg = Release|Any CPU
		{3CA9EC75-8A4D-46F0-B4A9-F6E28E1C5C7E}.Ad-Hoc|Any CPU.Build.0 = Release|Any CPU
		{3CA9EC75-8A4D-46F0-B4A9-F6E28E1C5C7E}.Ad-Hoc|iPhone.ActiveCfg = Release|Any CPU
		{3CA9EC75-8A4D-46F0-B4A9-F6E28E1C5C7E}.Ad-Hoc|iPhone.Build.0 = Release|Any CPU
		{3CA9EC75-8A4D-46F0-B4A9-F6E28E1C5C7E}.Ad-Hoc|iPhoneSimulator.ActiveCfg = Release|Any CPU
		{3CA9EC75-8A4D-46F0-B4A9-F6E28E1C5C7E}.Ad-Hoc|iPhoneSimulator.Build.0 = Release|Any CPU
		{3CA9EC75-8A4D-46F0-B4A9-F6E28E1C5C7E}.AppStore|Any CPU.ActiveCfg = Release|Any CPU
		{3CA9EC75-8A4D-46F0-B4A9-F6E28E1C5C7E}.AppStore|Any CPU.Build.0 = Release|Any CPU
		{3CA9EC75-8A4D-46F0-B4A9-F6E28E1C5C7E}.AppStore|iPhone.ActiveCfg = Release|Any CPU
		{3CA9EC75-8A4D-46F0-B4A9-F6E28E1C5C7E}.AppStore|iPhone.Build.0 = Release|Any CPU
		{3CA9EC75-8A4D-46F0-B4A9-F6E28E1C5C7E}.AppStore|iPhoneSimulator.ActiveCfg = Release|Any CPU
		{3CA9EC75-8A4D-46F0-B4A9-F6E28E1C5C7E}.AppStore|iPhoneSimulator.Build.0 = Release|Any CPU
		{3CA9EC75-8A4D-46F0-B4A9-F6E28E1C5C7E}.Debug|Any CPU.ActiveCfg = Debug|Any CPU
		{3CA9EC75-8A4D-46F0-B4A9-F6E28E1C5C7E}.Debug|Any CPU.Build.0 = Debug|Any CPU
		{3CA9EC75-8A4D-46F0-B4A9-F6E28E1C5C7E}.Debug|iPhone.ActiveCfg = Debug|Any CPU
		{3CA9EC75-8A4D-46F0-B4A9-F6E28E1C5C7E}.Debug|iPhone.Build.0 = Debug|Any CPU
		{3CA9EC75-8A4D-46F0-B4A9-F6E28E1C5C7E}.Debug|iPhoneSimulator.ActiveCfg = Debug|Any CPU
		{3CA9EC75-8A4D-46F0-B4A9-F6E28E1C5C7E}.Debug|iPhoneSimulator.Build.0 = Debug|Any CPU
		{3CA9EC75-8A4D-46F0-B4A9-F6E28E1C5C7E}.Release|Any CPU.ActiveCfg = Release|Any CPU
		{3CA9EC75-8A4D-46F0-B4A9-F6E28E1C5C7E}.Release|Any CPU.Build.0 = Release|Any CPU
		{3CA9EC75-8A4D-46F0-B4A9-F6E28E1C5C7E}.Release|iPhone.ActiveCfg = Release|Any CPU
		{3CA9EC75-8A4D-46F0-B4A9-F6E28E1C5C7E}.Release|iPhone.Build.0 = Release|Any CPU
		{3CA9EC75-8A4D-46F0-B4A9-F6E28E1C5C7E}.Release|iPhoneSimulator.ActiveCfg = Release|Any CPU
		{3CA9EC75-8A4D-46F0-B4A9-F6E28E1C5C7E}.Release|iPhoneSimulator.Build.0 = Release|Any CPU
	EndGlobalSection
	GlobalSection(SolutionProperties) = preSolution
		HideSolutionNode = FALSE
	EndGlobalSection
	GlobalSection(TeamFoundationVersionControl) = preSolution
		SccNumberOfProjects = 4
		SccEnterpriseProvider = {4CA58AB2-18FA-4F8D-95D4-32DDF27D184C}
		SccTeamFoundationServer = https://24consulting.visualstudio.com/defaultcollection
		SccLocalPath0 = .
		SccProjectUniqueName1 = AppGloboXamarin\\AppGloboXamarin.Droid\\AppGloboXamarin.Droid.csproj
		SccProjectName1 = AppGloboXamarin/AppGloboXamarin.Droid
		SccLocalPath1 = AppGloboXamarin\\AppGloboXamarin.Droid
		SccProjectUniqueName2 = AppGloboXamarin\\AppGloboXamarin.iOS\\AppGloboXamarin.iOS.csproj
		SccProjectName2 = AppGloboXamarin/AppGloboXamarin.iOS
		SccLocalPath2 = AppGloboXamarin\\AppGloboXamarin.iOS
		SccProjectUniqueName3 = AppGloboXamarin\\AppGloboXamarin\\AppGloboXamarin.csproj
		SccProjectName3 = AppGloboXamarin/AppGloboXamarin
		SccLocalPath3 = AppGloboXamarin\\AppGloboXamarin
	EndGlobalSection
EndGlobal
